
Microsoft Visual Studio Solution File, Format Version 12.00
# Visual Studio Version 17
VisualStudioVersion = 17.14.37012.4 d17.14
MinimumVisualStudioVersion = 10.0.40219.1
Project("{FAE04EC0-301F-11D3-BF4B-00C04F79EFBC}") = "T1 VALENTE HUANCA", "T1 VALENTE HUANCA\T1 VALENTE HUANCA.csproj", "{86F7A6CE-CDC7-457F-B6C4-6C03538DFA9E}"
EndProject
Global
	GlobalSection(SolutionConfigurationPlatforms) = preSolution
		Debug|Any CPU = Debug|Any CPU
		Release|Any CPU = Release|Any CPU
	EndGlobalSection
	GlobalSection(ProjectConfigurationPlatforms) = postSolution
		{86F7A6CE-CDC7-457F-B6C4-6C03538DFA9E}.Debug|Any CPU.ActiveCfg = Debug|Any CPU
		{86F7A6CE-CDC7-457F-B6C4-6C03538DFA9E}.Debug|Any CPU.Build.0 = Debug|Any CPU
		{86F7A6CE-CDC7-457F-B6C4-6C03538DFA9E}.Release|Any CPU.ActiveCfg = Release|Any CPU
		{86F7A6CE-CDC7-457F-B6C4-6C03538DFA9E}.Release|Any CPU.Build.0 = Release|Any CPU
	EndGlobalSection
	GlobalSection(SolutionProperties) = preSolution
		HideSolutionNode = FALSE
	EndGlobalSection
	GlobalSection(ExtensibilityGlobals) = postSolution
		SolutionGuid = {CAC7CA1F-7F64-42BC-BE8F-0E27E7D0F053}
	EndGlobalSection
EndGlobal
